// !$*UTF8*$!
{
	archiveVersion = 1;
	classes = {
	};
	objectVersion = 56;
	objects = {

/* Begin PBXBuildFile section */
		C7343F212C3F15D800D81939 /* SliderActivityView.swift in Sources */ = {isa = PBXBuildFile; fileRef = C7343F202C3F15D800D81939 /* SliderActivityView.swift */; };
		C7343F232C40741500D81939 /* ExpenseViewModel.swift in Sources */ = {isa = PBXBuildFile; fileRef = C7343F222C40741500D81939 /* ExpenseViewModel.swift */; };
		C73670012C3617FF00661184 /* Model.swift in Sources */ = {isa = PBXBuildFile; fileRef = C73670002C3617FF00661184 /* Model.swift */; };
		C73670032C36194800661184 /* UserBill.swift in Sources */ = {isa = PBXBuildFile; fileRef = C73670022C36194800661184 /* UserBill.swift */; };
		C73670052C389F8B00661184 /* GeneralReceipt.swift in Sources */ = {isa = PBXBuildFile; fileRef = C73670042C389F8B00661184 /* GeneralReceipt.swift */; };
		C73670082C3DB6FD00661184 /* TextUtil.swift in Sources */ = {isa = PBXBuildFile; fileRef = C73670072C3DB6FD00661184 /* TextUtil.swift */; };
		C78BB7042C0D1C55007D66E0 /* TripExpensesView .swift in Sources */ = {isa = PBXBuildFile; fileRef = C78BB7032C0D1C55007D66E0 /* TripExpensesView .swift */; };
		C78BB7072C0D2919007D66E0 /* ExpensesViewModel.swift in Sources */ = {isa = PBXBuildFile; fileRef = C78BB7062C0D2919007D66E0 /* ExpensesViewModel.swift */; };
		C78BB70B2C0D3231007D66E0 /* ContentActivity.swift in Sources */ = {isa = PBXBuildFile; fileRef = C78BB70A2C0D3231007D66E0 /* ContentActivity.swift */; };
		C78BB70F2C13B412007D66E0 /* MetaActivity.swift in Sources */ = {isa = PBXBuildFile; fileRef = C78BB70E2C13B412007D66E0 /* MetaActivity.swift */; };
		C78BB7112C178DAB007D66E0 /* ActivityViewModel.swift in Sources */ = {isa = PBXBuildFile; fileRef = C78BB7102C178DAB007D66E0 /* ActivityViewModel.swift */; };
		C78BB7152C1B71D9007D66E0 /* MetaTrip.swift in Sources */ = {isa = PBXBuildFile; fileRef = C78BB7142C1B71D9007D66E0 /* MetaTrip.swift */; };
		C78BB7172C1CCE0B007D66E0 /* ExpenseView.swift in Sources */ = {isa = PBXBuildFile; fileRef = C78BB7162C1CCE0B007D66E0 /* ExpenseView.swift */; };
		C78BB7192C1CD2F6007D66E0 /* NewExpenseView.swift in Sources */ = {isa = PBXBuildFile; fileRef = C78BB7182C1CD2F6007D66E0 /* NewExpenseView.swift */; };
		C78BB71B2C1D4762007D66E0 /* ManageGroupView.swift in Sources */ = {isa = PBXBuildFile; fileRef = C78BB71A2C1D4762007D66E0 /* ManageGroupView.swift */; };
		C78BB71D2C1E1C03007D66E0 /* ManageGroupViewModel.swift in Sources */ = {isa = PBXBuildFile; fileRef = C78BB71C2C1E1C03007D66E0 /* ManageGroupViewModel.swift */; };
		C78BB71F2C213DD9007D66E0 /* ManageUserView.swift in Sources */ = {isa = PBXBuildFile; fileRef = C78BB71E2C213DD8007D66E0 /* ManageUserView.swift */; };
		C78BB7212C220152007D66E0 /* ManageUserViewModel.swift in Sources */ = {isa = PBXBuildFile; fileRef = C78BB7202C220152007D66E0 /* ManageUserViewModel.swift */; };
		C78BB7232C22055B007D66E0 /* ManageUser.swift in Sources */ = {isa = PBXBuildFile; fileRef = C78BB7222C22055B007D66E0 /* ManageUser.swift */; };
		C78BB7252C29E87E007D66E0 /* SelectSliderView.swift in Sources */ = {isa = PBXBuildFile; fileRef = C78BB7242C29E87E007D66E0 /* SelectSliderView.swift */; };
		C78BB7272C29FA66007D66E0 /* SplitBillSetupView.swift in Sources */ = {isa = PBXBuildFile; fileRef = C78BB7262C29FA66007D66E0 /* SplitBillSetupView.swift */; };
		C78BB72B2C29FA90007D66E0 /* VendueSetupView.swift in Sources */ = {isa = PBXBuildFile; fileRef = C78BB72A2C29FA90007D66E0 /* VendueSetupView.swift */; };
		C78BB72D2C29FCD1007D66E0 /* NewTripViewModel.swift in Sources */ = {isa = PBXBuildFile; fileRef = C78BB72C2C29FCD1007D66E0 /* NewTripViewModel.swift */; };
		C78BB7302C2A064D007D66E0 /* SplitBillSetupModel.swift in Sources */ = {isa = PBXBuildFile; fileRef = C78BB72F2C2A064D007D66E0 /* SplitBillSetupModel.swift */; };
		C78BB7322C2A0CC3007D66E0 /* Sale.swift in Sources */ = {isa = PBXBuildFile; fileRef = C78BB7312C2A0CC3007D66E0 /* Sale.swift */; };
		C78BB7342C2B282D007D66E0 /* SaleView.swift in Sources */ = {isa = PBXBuildFile; fileRef = C78BB7332C2B282D007D66E0 /* SaleView.swift */; };
		C78BB7362C2C8E94007D66E0 /* SwipeActionView.swift in Sources */ = {isa = PBXBuildFile; fileRef = C78BB7352C2C8E94007D66E0 /* SwipeActionView.swift */; };
		C78BB7382C2CB463007D66E0 /* SaleSummaryView.swift in Sources */ = {isa = PBXBuildFile; fileRef = C78BB7372C2CB463007D66E0 /* SaleSummaryView.swift */; };
		C7BFFF1B2BFEC25800FEE015 /* shapleyApp.swift in Sources */ = {isa = PBXBuildFile; fileRef = C7BFFF1A2BFEC25800FEE015 /* shapleyApp.swift */; };
		C7BFFF1F2BFEC25A00FEE015 /* Assets.xcassets in Resources */ = {isa = PBXBuildFile; fileRef = C7BFFF1E2BFEC25A00FEE015 /* Assets.xcassets */; };
		C7BFFF222BFEC25A00FEE015 /* Preview Assets.xcassets in Resources */ = {isa = PBXBuildFile; fileRef = C7BFFF212BFEC25A00FEE015 /* Preview Assets.xcassets */; };
		C7BFFF2A2BFEC40600FEE015 /* FirebaseAuth in Frameworks */ = {isa = PBXBuildFile; productRef = C7BFFF292BFEC40600FEE015 /* FirebaseAuth */; };
		C7BFFF2C2BFEC40600FEE015 /* FirebaseFirestore in Frameworks */ = {isa = PBXBuildFile; productRef = C7BFFF2B2BFEC40600FEE015 /* FirebaseFirestore */; };
		C7BFFF2E2BFEC40600FEE015 /* FirebaseFirestoreSwift in Frameworks */ = {isa = PBXBuildFile; productRef = C7BFFF2D2BFEC40600FEE015 /* FirebaseFirestoreSwift */; };
		C7BFFF302BFEC4F300FEE015 /* GoogleService-Info.plist in Resources */ = {isa = PBXBuildFile; fileRef = C7BFFF2F2BFEC4F300FEE015 /* GoogleService-Info.plist */; };
		C7BFFF3D2BFEC80400FEE015 /* MainView.swift in Sources */ = {isa = PBXBuildFile; fileRef = C7BFFF3C2BFEC80400FEE015 /* MainView.swift */; };
		C7BFFF412BFECA7F00FEE015 /* ProfileView.swift in Sources */ = {isa = PBXBuildFile; fileRef = C7BFFF402BFECA7F00FEE015 /* ProfileView.swift */; };
		C7BFFF472BFECAB000FEE015 /* LoginView.swift in Sources */ = {isa = PBXBuildFile; fileRef = C7BFFF462BFECAB000FEE015 /* LoginView.swift */; };
		C7BFFF492BFECABE00FEE015 /* RegisterView.swift in Sources */ = {isa = PBXBuildFile; fileRef = C7BFFF482BFECABE00FEE015 /* RegisterView.swift */; };
		C7BFFF4B2BFECB1000FEE015 /* ActivityView.swift in Sources */ = {isa = PBXBuildFile; fileRef = C7BFFF4A2BFECB1000FEE015 /* ActivityView.swift */; };
		C7BFFF4D2BFECB4B00FEE015 /* User.swift in Sources */ = {isa = PBXBuildFile; fileRef = C7BFFF4C2BFECB4B00FEE015 /* User.swift */; };
		C7BFFF4F2BFECB5300FEE015 /* UserActivity.swift in Sources */ = {isa = PBXBuildFile; fileRef = C7BFFF4E2BFECB5300FEE015 /* UserActivity.swift */; };
		C7BFFF512BFECB6C00FEE015 /* MainViewModel.swift in Sources */ = {isa = PBXBuildFile; fileRef = C7BFFF502BFECB6C00FEE015 /* MainViewModel.swift */; };
		C7BFFF532BFECB8400FEE015 /* ProfileViewModel.swift in Sources */ = {isa = PBXBuildFile; fileRef = C7BFFF522BFECB8400FEE015 /* ProfileViewModel.swift */; };
		C7BFFF592BFECBA600FEE015 /* LoginViewModel.swift in Sources */ = {isa = PBXBuildFile; fileRef = C7BFFF582BFECBA600FEE015 /* LoginViewModel.swift */; };
		C7BFFF5B2BFECBAD00FEE015 /* RegisterViewModel.swift in Sources */ = {isa = PBXBuildFile; fileRef = C7BFFF5A2BFECBAD00FEE015 /* RegisterViewModel.swift */; };
		C7BFFF5F2BFEDC3800FEE015 /* HeaderView.swift in Sources */ = {isa = PBXBuildFile; fileRef = C7BFFF5E2BFEDC3800FEE015 /* HeaderView.swift */; };
		C7BFFF612BFFA39000FEE015 /* ButtonView.swift in Sources */ = {isa = PBXBuildFile; fileRef = C7BFFF602BFFA39000FEE015 /* ButtonView.swift */; };
		C7BFFF632C000A8F00FEE015 /* Encodable.swift in Sources */ = {isa = PBXBuildFile; fileRef = C7BFFF622C000A8F00FEE015 /* Encodable.swift */; };
		C7DC6AFD2C02973E0020C788 /* SelectView.swift in Sources */ = {isa = PBXBuildFile; fileRef = C7DC6AFC2C02973E0020C788 /* SelectView.swift */; };
		C7DC6B032C03AF680020C788 /* GasView.swift in Sources */ = {isa = PBXBuildFile; fileRef = C7DC6B022C03AF680020C788 /* GasView.swift */; };
		C7DC6B052C03AF6F0020C788 /* BillView.swift in Sources */ = {isa = PBXBuildFile; fileRef = C7DC6B042C03AF6F0020C788 /* BillView.swift */; };
		C7DC6B072C03AF7D0020C788 /* VendueView.swift in Sources */ = {isa = PBXBuildFile; fileRef = C7DC6B062C03AF7C0020C788 /* VendueView.swift */; };
		C7DC6B092C03B6D00020C788 /* GasModel.swift in Sources */ = {isa = PBXBuildFile; fileRef = C7DC6B082C03B6D00020C788 /* GasModel.swift */; };
		C7DC6B0B2C03B6D90020C788 /* BillModel.swift in Sources */ = {isa = PBXBuildFile; fileRef = C7DC6B0A2C03B6D90020C788 /* BillModel.swift */; };
		C7DC6B0D2C03B6E00020C788 /* VendueModel.swift in Sources */ = {isa = PBXBuildFile; fileRef = C7DC6B0C2C03B6E00020C788 /* VendueModel.swift */; };
		C7DC6B0F2C06AC0A0020C788 /* ActivitiesView.swift in Sources */ = {isa = PBXBuildFile; fileRef = C7DC6B0E2C06AC0A0020C788 /* ActivitiesView.swift */; };
		C7DC6B112C06AD970020C788 /* ActivitiesViewModel.swift in Sources */ = {isa = PBXBuildFile; fileRef = C7DC6B102C06AD970020C788 /* ActivitiesViewModel.swift */; };
		C7DC6B132C06AE190020C788 /* NewActivityView.swift in Sources */ = {isa = PBXBuildFile; fileRef = C7DC6B122C06AE190020C788 /* NewActivityView.swift */; };
		C7DC6B152C06B0330020C788 /* NewActivityViewModel.swift in Sources */ = {isa = PBXBuildFile; fileRef = C7DC6B142C06B0330020C788 /* NewActivityViewModel.swift */; };
		C7DC6B192C07BBD80020C788 /* Launch Screen.storyboard in Resources */ = {isa = PBXBuildFile; fileRef = C7DC6B182C07BBD80020C788 /* Launch Screen.storyboard */; };
		C7DD0A9A2C4312DA00C9AC1E /* ExpenseContentModel.swift in Sources */ = {isa = PBXBuildFile; fileRef = C7DD0A992C4312DA00C9AC1E /* ExpenseContentModel.swift */; };
		C7DD0A9C2C43160E00C9AC1E /* ExpenseType.swift in Sources */ = {isa = PBXBuildFile; fileRef = C7DD0A9B2C43160E00C9AC1E /* ExpenseType.swift */; };
		C7DD0A9E2C45EBE900C9AC1E /* Receipt.swift in Sources */ = {isa = PBXBuildFile; fileRef = C7DD0A9D2C45EBE900C9AC1E /* Receipt.swift */; };
		C7DD0AA62C47952700C9AC1E /* SplitGasSetupView.swift in Sources */ = {isa = PBXBuildFile; fileRef = C7DD0AA52C47952700C9AC1E /* SplitGasSetupView.swift */; };
		C7DD0AA82C47956200C9AC1E /* ItemBillView.swift in Sources */ = {isa = PBXBuildFile; fileRef = C7DD0AA72C47956200C9AC1E /* ItemBillView.swift */; };
		C7DD0AAA2C49B18B00C9AC1E /* Clip.swift in Sources */ = {isa = PBXBuildFile; fileRef = C7DD0AA92C49B18B00C9AC1E /* Clip.swift */; };
		C7DD0AAC2C4AF4D100C9AC1E /* DoubleSwipe.swift in Sources */ = {isa = PBXBuildFile; fileRef = C7DD0AAB2C4AF4D100C9AC1E /* DoubleSwipe.swift */; };
/* End PBXBuildFile section */

/* Begin PBXFileReference section */
		C7343F202C3F15D800D81939 /* SliderActivityView.swift */ = {isa = PBXFileReference; lastKnownFileType = sourcecode.swift; path = SliderActivityView.swift; sourceTree = "<group>"; };
		C7343F222C40741500D81939 /* ExpenseViewModel.swift */ = {isa = PBXFileReference; lastKnownFileType = sourcecode.swift; path = ExpenseViewModel.swift; sourceTree = "<group>"; };
		C73670002C3617FF00661184 /* Model.swift */ = {isa = PBXFileReference; lastKnownFileType = sourcecode.swift; path = Model.swift; sourceTree = "<group>"; };
		C73670022C36194800661184 /* UserBill.swift */ = {isa = PBXFileReference; lastKnownFileType = sourcecode.swift; path = UserBill.swift; sourceTree = "<group>"; };
		C73670042C389F8B00661184 /* GeneralReceipt.swift */ = {isa = PBXFileReference; lastKnownFileType = sourcecode.swift; path = GeneralReceipt.swift; sourceTree = "<group>"; };
		C73670072C3DB6FD00661184 /* TextUtil.swift */ = {isa = PBXFileReference; lastKnownFileType = sourcecode.swift; path = TextUtil.swift; sourceTree = "<group>"; };
		C78BB7032C0D1C55007D66E0 /* TripExpensesView .swift */ = {isa = PBXFileReference; lastKnownFileType = sourcecode.swift; path = "TripExpensesView .swift"; sourceTree = "<group>"; };
		C78BB7062C0D2919007D66E0 /* ExpensesViewModel.swift */ = {isa = PBXFileReference; lastKnownFileType = sourcecode.swift; path = ExpensesViewModel.swift; sourceTree = "<group>"; };
		C78BB70A2C0D3231007D66E0 /* ContentActivity.swift */ = {isa = PBXFileReference; lastKnownFileType = sourcecode.swift; path = ContentActivity.swift; sourceTree = "<group>"; };
		C78BB70E2C13B412007D66E0 /* MetaActivity.swift */ = {isa = PBXFileReference; lastKnownFileType = sourcecode.swift; path = MetaActivity.swift; sourceTree = "<group>"; };
		C78BB7102C178DAB007D66E0 /* ActivityViewModel.swift */ = {isa = PBXFileReference; lastKnownFileType = sourcecode.swift; path = ActivityViewModel.swift; sourceTree = "<group>"; };
		C78BB7142C1B71D9007D66E0 /* MetaTrip.swift */ = {isa = PBXFileReference; lastKnownFileType = sourcecode.swift; path = MetaTrip.swift; sourceTree = "<group>"; };
		C78BB7162C1CCE0B007D66E0 /* ExpenseView.swift */ = {isa = PBXFileReference; lastKnownFileType = sourcecode.swift; path = ExpenseView.swift; sourceTree = "<group>"; };
		C78BB7182C1CD2F6007D66E0 /* NewExpenseView.swift */ = {isa = PBXFileReference; lastKnownFileType = sourcecode.swift; path = NewExpenseView.swift; sourceTree = "<group>"; };
		C78BB71A2C1D4762007D66E0 /* ManageGroupView.swift */ = {isa = PBXFileReference; lastKnownFileType = sourcecode.swift; path = ManageGroupView.swift; sourceTree = "<group>"; };
		C78BB71C2C1E1C03007D66E0 /* ManageGroupViewModel.swift */ = {isa = PBXFileReference; lastKnownFileType = sourcecode.swift; path = ManageGroupViewModel.swift; sourceTree = "<group>"; };
		C78BB71E2C213DD8007D66E0 /* ManageUserView.swift */ = {isa = PBXFileReference; lastKnownFileType = sourcecode.swift; path = ManageUserView.swift; sourceTree = "<group>"; };
		C78BB7202C220152007D66E0 /* ManageUserViewModel.swift */ = {isa = PBXFileReference; lastKnownFileType = sourcecode.swift; path = ManageUserViewModel.swift; sourceTree = "<group>"; };
		C78BB7222C22055B007D66E0 /* ManageUser.swift */ = {isa = PBXFileReference; lastKnownFileType = sourcecode.swift; path = ManageUser.swift; sourceTree = "<group>"; };
		C78BB7242C29E87E007D66E0 /* SelectSliderView.swift */ = {isa = PBXFileReference; lastKnownFileType = sourcecode.swift; path = SelectSliderView.swift; sourceTree = "<group>"; };
		C78BB7262C29FA66007D66E0 /* SplitBillSetupView.swift */ = {isa = PBXFileReference; lastKnownFileType = sourcecode.swift; path = SplitBillSetupView.swift; sourceTree = "<group>"; };
		C78BB72A2C29FA90007D66E0 /* VendueSetupView.swift */ = {isa = PBXFileReference; lastKnownFileType = sourcecode.swift; path = VendueSetupView.swift; sourceTree = "<group>"; };
		C78BB72C2C29FCD1007D66E0 /* NewTripViewModel.swift */ = {isa = PBXFileReference; lastKnownFileType = sourcecode.swift; path = NewTripViewModel.swift; sourceTree = "<group>"; };
		C78BB72F2C2A064D007D66E0 /* SplitBillSetupModel.swift */ = {isa = PBXFileReference; lastKnownFileType = sourcecode.swift; path = SplitBillSetupModel.swift; sourceTree = "<group>"; };
		C78BB7312C2A0CC3007D66E0 /* Sale.swift */ = {isa = PBXFileReference; lastKnownFileType = sourcecode.swift; path = Sale.swift; sourceTree = "<group>"; };
		C78BB7332C2B282D007D66E0 /* SaleView.swift */ = {isa = PBXFileReference; lastKnownFileType = sourcecode.swift; path = SaleView.swift; sourceTree = "<group>"; };
		C78BB7352C2C8E94007D66E0 /* SwipeActionView.swift */ = {isa = PBXFileReference; lastKnownFileType = sourcecode.swift; path = SwipeActionView.swift; sourceTree = "<group>"; };
		C78BB7372C2CB463007D66E0 /* SaleSummaryView.swift */ = {isa = PBXFileReference; lastKnownFileType = sourcecode.swift; path = SaleSummaryView.swift; sourceTree = "<group>"; };
		C7BFFF172BFEC25800FEE015 /* shapley.app */ = {isa = PBXFileReference; explicitFileType = wrapper.application; includeInIndex = 0; path = shapley.app; sourceTree = BUILT_PRODUCTS_DIR; };
		C7BFFF1A2BFEC25800FEE015 /* shapleyApp.swift */ = {isa = PBXFileReference; lastKnownFileType = sourcecode.swift; path = shapleyApp.swift; sourceTree = "<group>"; };
		C7BFFF1E2BFEC25A00FEE015 /* Assets.xcassets */ = {isa = PBXFileReference; lastKnownFileType = folder.assetcatalog; path = Assets.xcassets; sourceTree = "<group>"; };
		C7BFFF212BFEC25A00FEE015 /* Preview Assets.xcassets */ = {isa = PBXFileReference; lastKnownFileType = folder.assetcatalog; path = "Preview Assets.xcassets"; sourceTree = "<group>"; };
		C7BFFF2F2BFEC4F300FEE015 /* GoogleService-Info.plist */ = {isa = PBXFileReference; fileEncoding = 4; lastKnownFileType = text.plist.xml; path = "GoogleService-Info.plist"; sourceTree = "<group>"; };
		C7BFFF3C2BFEC80400FEE015 /* MainView.swift */ = {isa = PBXFileReference; lastKnownFileType = sourcecode.swift; path = MainView.swift; sourceTree = "<group>"; };
		C7BFFF402BFECA7F00FEE015 /* ProfileView.swift */ = {isa = PBXFileReference; lastKnownFileType = sourcecode.swift; path = ProfileView.swift; sourceTree = "<group>"; };
		C7BFFF462BFECAB000FEE015 /* LoginView.swift */ = {isa = PBXFileReference; lastKnownFileType = sourcecode.swift; path = LoginView.swift; sourceTree = "<group>"; };
		C7BFFF482BFECABE00FEE015 /* RegisterView.swift */ = {isa = PBXFileReference; lastKnownFileType = sourcecode.swift; path = RegisterView.swift; sourceTree = "<group>"; };
		C7BFFF4A2BFECB1000FEE015 /* ActivityView.swift */ = {isa = PBXFileReference; lastKnownFileType = sourcecode.swift; path = ActivityView.swift; sourceTree = "<group>"; };
		C7BFFF4C2BFECB4B00FEE015 /* User.swift */ = {isa = PBXFileReference; lastKnownFileType = sourcecode.swift; path = User.swift; sourceTree = "<group>"; };
		C7BFFF4E2BFECB5300FEE015 /* UserActivity.swift */ = {isa = PBXFileReference; lastKnownFileType = sourcecode.swift; path = UserActivity.swift; sourceTree = "<group>"; };
		C7BFFF502BFECB6C00FEE015 /* MainViewModel.swift */ = {isa = PBXFileReference; lastKnownFileType = sourcecode.swift; path = MainViewModel.swift; sourceTree = "<group>"; };
		C7BFFF522BFECB8400FEE015 /* ProfileViewModel.swift */ = {isa = PBXFileReference; lastKnownFileType = sourcecode.swift; path = ProfileViewModel.swift; sourceTree = "<group>"; };
		C7BFFF582BFECBA600FEE015 /* LoginViewModel.swift */ = {isa = PBXFileReference; lastKnownFileType = sourcecode.swift; path = LoginViewModel.swift; sourceTree = "<group>"; };
		C7BFFF5A2BFECBAD00FEE015 /* RegisterViewModel.swift */ = {isa = PBXFileReference; lastKnownFileType = sourcecode.swift; path = RegisterViewModel.swift; sourceTree = "<group>"; };
		C7BFFF5E2BFEDC3800FEE015 /* HeaderView.swift */ = {isa = PBXFileReference; lastKnownFileType = sourcecode.swift; path = HeaderView.swift; sourceTree = "<group>"; };
		C7BFFF602BFFA39000FEE015 /* ButtonView.swift */ = {isa = PBXFileReference; lastKnownFileType = sourcecode.swift; path = ButtonView.swift; sourceTree = "<group>"; };
		C7BFFF622C000A8F00FEE015 /* Encodable.swift */ = {isa = PBXFileReference; lastKnownFileType = sourcecode.swift; path = Encodable.swift; sourceTree = "<group>"; };
		C7DC6AFC2C02973E0020C788 /* SelectView.swift */ = {isa = PBXFileReference; lastKnownFileType = sourcecode.swift; path = SelectView.swift; sourceTree = "<group>"; };
		C7DC6B022C03AF680020C788 /* GasView.swift */ = {isa = PBXFileReference; lastKnownFileType = sourcecode.swift; path = GasView.swift; sourceTree = "<group>"; };
		C7DC6B042C03AF6F0020C788 /* BillView.swift */ = {isa = PBXFileReference; lastKnownFileType = sourcecode.swift; path = BillView.swift; sourceTree = "<group>"; };
		C7DC6B062C03AF7C0020C788 /* VendueView.swift */ = {isa = PBXFileReference; lastKnownFileType = sourcecode.swift; path = VendueView.swift; sourceTree = "<group>"; };
		C7DC6B082C03B6D00020C788 /* GasModel.swift */ = {isa = PBXFileReference; lastKnownFileType = sourcecode.swift; path = GasModel.swift; sourceTree = "<group>"; };
		C7DC6B0A2C03B6D90020C788 /* BillModel.swift */ = {isa = PBXFileReference; lastKnownFileType = sourcecode.swift; path = BillModel.swift; sourceTree = "<group>"; };
		C7DC6B0C2C03B6E00020C788 /* VendueModel.swift */ = {isa = PBXFileReference; lastKnownFileType = sourcecode.swift; path = VendueModel.swift; sourceTree = "<group>"; };
		C7DC6B0E2C06AC0A0020C788 /* ActivitiesView.swift */ = {isa = PBXFileReference; lastKnownFileType = sourcecode.swift; path = ActivitiesView.swift; sourceTree = "<group>"; };
		C7DC6B102C06AD970020C788 /* ActivitiesViewModel.swift */ = {isa = PBXFileReference; lastKnownFileType = sourcecode.swift; path = ActivitiesViewModel.swift; sourceTree = "<group>"; };
		C7DC6B122C06AE190020C788 /* NewActivityView.swift */ = {isa = PBXFileReference; lastKnownFileType = sourcecode.swift; path = NewActivityView.swift; sourceTree = "<group>"; };
		C7DC6B142C06B0330020C788 /* NewActivityViewModel.swift */ = {isa = PBXFileReference; lastKnownFileType = sourcecode.swift; path = NewActivityViewModel.swift; sourceTree = "<group>"; };
		C7DC6B182C07BBD80020C788 /* Launch Screen.storyboard */ = {isa = PBXFileReference; lastKnownFileType = file.storyboard; path = "Launch Screen.storyboard"; sourceTree = "<group>"; };
		C7DD0A992C4312DA00C9AC1E /* ExpenseContentModel.swift */ = {isa = PBXFileReference; lastKnownFileType = sourcecode.swift; path = ExpenseContentModel.swift; sourceTree = "<group>"; };
		C7DD0A9B2C43160E00C9AC1E /* ExpenseType.swift */ = {isa = PBXFileReference; lastKnownFileType = sourcecode.swift; path = ExpenseType.swift; sourceTree = "<group>"; };
		C7DD0A9D2C45EBE900C9AC1E /* Receipt.swift */ = {isa = PBXFileReference; lastKnownFileType = sourcecode.swift; path = Receipt.swift; sourceTree = "<group>"; };
		C7DD0AA52C47952700C9AC1E /* SplitGasSetupView.swift */ = {isa = PBXFileReference; lastKnownFileType = sourcecode.swift; path = SplitGasSetupView.swift; sourceTree = "<group>"; };
		C7DD0AA72C47956200C9AC1E /* ItemBillView.swift */ = {isa = PBXFileReference; lastKnownFileType = sourcecode.swift; path = ItemBillView.swift; sourceTree = "<group>"; };
		C7DD0AA92C49B18B00C9AC1E /* Clip.swift */ = {isa = PBXFileReference; lastKnownFileType = sourcecode.swift; path = Clip.swift; sourceTree = "<group>"; };
		C7DD0AAB2C4AF4D100C9AC1E /* DoubleSwipe.swift */ = {isa = PBXFileReference; lastKnownFileType = sourcecode.swift; path = DoubleSwipe.swift; sourceTree = "<group>"; };
/* End PBXFileReference section */

/* Begin PBXFrameworksBuildPhase section */
		C7BFFF142BFEC25800FEE015 /* Frameworks */ = {
			isa = PBXFrameworksBuildPhase;
			buildActionMask = 2147483647;
			files = (
				C7BFFF2A2BFEC40600FEE015 /* FirebaseAuth in Frameworks */,
				C7BFFF2C2BFEC40600FEE015 /* FirebaseFirestore in Frameworks */,
				C7BFFF2E2BFEC40600FEE015 /* FirebaseFirestoreSwift in Frameworks */,
			);
			runOnlyForDeploymentPostprocessing = 0;
		};
/* End PBXFrameworksBuildPhase section */

/* Begin PBXGroup section */
		C710B0352C0A9E1300816F48 /* Home */ = {
			isa = PBXGroup;
			children = (
				C7DC6B0E2C06AC0A0020C788 /* ActivitiesView.swift */,
				C7DC6B122C06AE190020C788 /* NewActivityView.swift */,
				C7BFFF4A2BFECB1000FEE015 /* ActivityView.swift */,
				C7343F202C3F15D800D81939 /* SliderActivityView.swift */,
			);
			path = Home;
			sourceTree = "<group>";
		};
		C710B0362C0A9E3E00816F48 /* Gas */ = {
			isa = PBXGroup;
			children = (
				C7DC6B022C03AF680020C788 /* GasView.swift */,
				C7DD0AA52C47952700C9AC1E /* SplitGasSetupView.swift */,
			);
			path = Gas;
			sourceTree = "<group>";
		};
		C710B0372C0A9E6C00816F48 /* Home */ = {
			isa = PBXGroup;
			children = (
				C7DC6B102C06AD970020C788 /* ActivitiesViewModel.swift */,
				C7DC6B142C06B0330020C788 /* NewActivityViewModel.swift */,
				C78BB7102C178DAB007D66E0 /* ActivityViewModel.swift */,
			);
			path = Home;
			sourceTree = "<group>";
		};
		C710B0382C0A9F1A00816F48 /* Onboard */ = {
			isa = PBXGroup;
			children = (
				C7BFFF3C2BFEC80400FEE015 /* MainView.swift */,
				C7BFFF462BFECAB000FEE015 /* LoginView.swift */,
				C7BFFF482BFECABE00FEE015 /* RegisterView.swift */,
				C7BFFF402BFECA7F00FEE015 /* ProfileView.swift */,
				C7BFFF5E2BFEDC3800FEE015 /* HeaderView.swift */,
				C7BFFF602BFFA39000FEE015 /* ButtonView.swift */,
			);
			path = Onboard;
			sourceTree = "<group>";
		};
		C710B0392C0A9FBE00816F48 /* Bill */ = {
			isa = PBXGroup;
			children = (
				C7DC6B042C03AF6F0020C788 /* BillView.swift */,
				C78BB7262C29FA66007D66E0 /* SplitBillSetupView.swift */,
				C78BB7332C2B282D007D66E0 /* SaleView.swift */,
				C78BB7372C2CB463007D66E0 /* SaleSummaryView.swift */,
				C78BB7352C2C8E94007D66E0 /* SwipeActionView.swift */,
				C7DD0AA72C47956200C9AC1E /* ItemBillView.swift */,
			);
			path = Bill;
			sourceTree = "<group>";
		};
		C710B03A2C0AA03900816F48 /* Vendue */ = {
			isa = PBXGroup;
			children = (
				C7DC6B062C03AF7C0020C788 /* VendueView.swift */,
				C78BB72A2C29FA90007D66E0 /* VendueSetupView.swift */,
			);
			path = Vendue;
			sourceTree = "<group>";
		};
		C710B03B2C0AA17B00816F48 /* Interim */ = {
			isa = PBXGroup;
			children = (
				C7DD0AAB2C4AF4D100C9AC1E /* DoubleSwipe.swift */,
				C7DC6AFC2C02973E0020C788 /* SelectView.swift */,
			);
			path = Interim;
			sourceTree = "<group>";
		};
		C710B03C2C0AA18D00816F48 /* Onboard */ = {
			isa = PBXGroup;
			children = (
				C7BFFF502BFECB6C00FEE015 /* MainViewModel.swift */,
				C7BFFF582BFECBA600FEE015 /* LoginViewModel.swift */,
				C7BFFF5A2BFECBAD00FEE015 /* RegisterViewModel.swift */,
				C7BFFF522BFECB8400FEE015 /* ProfileViewModel.swift */,
			);
			path = Onboard;
			sourceTree = "<group>";
		};
		C710B03D2C0AA1CA00816F48 /* Options */ = {
			isa = PBXGroup;
			children = (
				C7DC6B082C03B6D00020C788 /* GasModel.swift */,
				C7DC6B0A2C03B6D90020C788 /* BillModel.swift */,
				C7DC6B0C2C03B6E00020C788 /* VendueModel.swift */,
				C78BB72F2C2A064D007D66E0 /* SplitBillSetupModel.swift */,
			);
			path = Options;
			sourceTree = "<group>";
		};
		C73670062C3DB6E300661184 /* Utility */ = {
			isa = PBXGroup;
			children = (
				C73670072C3DB6FD00661184 /* TextUtil.swift */,
				C7DD0A9B2C43160E00C9AC1E /* ExpenseType.swift */,
				C7DD0AA92C49B18B00C9AC1E /* Clip.swift */,
			);
			path = Utility;
			sourceTree = "<group>";
		};
		C78BB7022C0D1C36007D66E0 /* Expenses */ = {
			isa = PBXGroup;
			children = (
				C78BB7032C0D1C55007D66E0 /* TripExpensesView .swift */,
				C78BB7162C1CCE0B007D66E0 /* ExpenseView.swift */,
				C78BB7182C1CD2F6007D66E0 /* NewExpenseView.swift */,
				C78BB7242C29E87E007D66E0 /* SelectSliderView.swift */,
				C78BB71A2C1D4762007D66E0 /* ManageGroupView.swift */,
				C78BB71E2C213DD8007D66E0 /* ManageUserView.swift */,
			);
			path = Expenses;
			sourceTree = "<group>";
		};
		C78BB7052C0D2905007D66E0 /* Expenses */ = {
			isa = PBXGroup;
			children = (
				C78BB7062C0D2919007D66E0 /* ExpensesViewModel.swift */,
				C78BB71C2C1E1C03007D66E0 /* ManageGroupViewModel.swift */,
				C78BB7202C220152007D66E0 /* ManageUserViewModel.swift */,
				C78BB72C2C29FCD1007D66E0 /* NewTripViewModel.swift */,
				C7343F222C40741500D81939 /* ExpenseViewModel.swift */,
				C7DD0A992C4312DA00C9AC1E /* ExpenseContentModel.swift */,
			);
			path = Expenses;
			sourceTree = "<group>";
		};
		C7BFFF0E2BFEC25800FEE015 = {
			isa = PBXGroup;
			children = (
				C7BFFF192BFEC25800FEE015 /* shapley */,
				C7BFFF182BFEC25800FEE015 /* Products */,
			);
			sourceTree = "<group>";
		};
		C7BFFF182BFEC25800FEE015 /* Products */ = {
			isa = PBXGroup;
			children = (
				C7BFFF172BFEC25800FEE015 /* shapley.app */,
			);
			name = Products;
			sourceTree = "<group>";
		};
		C7BFFF192BFEC25800FEE015 /* shapley */ = {
			isa = PBXGroup;
			children = (
				C73670062C3DB6E300661184 /* Utility */,
				C7BFFF3B2BFEC78B00FEE015 /* Models */,
				C7BFFF3A2BFEC78000FEE015 /* ViewModels */,
				C7BFFF392BFEC76700FEE015 /* Views */,
				C7BFFF362BFEC5C600FEE015 /* Other */,
				C7BFFF202BFEC25A00FEE015 /* Preview Content */,
			);
			path = shapley;
			sourceTree = "<group>";
		};
		C7BFFF202BFEC25A00FEE015 /* Preview Content */ = {
			isa = PBXGroup;
			children = (
				C7BFFF212BFEC25A00FEE015 /* Preview Assets.xcassets */,
			);
			path = "Preview Content";
			sourceTree = "<group>";
		};
		C7BFFF362BFEC5C600FEE015 /* Other */ = {
			isa = PBXGroup;
			children = (
				C7BFFF1E2BFEC25A00FEE015 /* Assets.xcassets */,
				C7DC6B182C07BBD80020C788 /* Launch Screen.storyboard */,
				C7BFFF1A2BFEC25800FEE015 /* shapleyApp.swift */,
				C7BFFF2F2BFEC4F300FEE015 /* GoogleService-Info.plist */,
			);
			path = Other;
			sourceTree = "<group>";
		};
		C7BFFF392BFEC76700FEE015 /* Views */ = {
			isa = PBXGroup;
			children = (
				C78BB7022C0D1C36007D66E0 /* Expenses */,
				C710B0382C0A9F1A00816F48 /* Onboard */,
				C710B0352C0A9E1300816F48 /* Home */,
				C710B0392C0A9FBE00816F48 /* Bill */,
				C710B0362C0A9E3E00816F48 /* Gas */,
				C710B03A2C0AA03900816F48 /* Vendue */,
				C710B03B2C0AA17B00816F48 /* Interim */,
			);
			path = Views;
			sourceTree = "<group>";
		};
		C7BFFF3A2BFEC78000FEE015 /* ViewModels */ = {
			isa = PBXGroup;
			children = (
				C78BB7052C0D2905007D66E0 /* Expenses */,
				C710B03C2C0AA18D00816F48 /* Onboard */,
				C710B0372C0A9E6C00816F48 /* Home */,
				C710B03D2C0AA1CA00816F48 /* Options */,
			);
			path = ViewModels;
			sourceTree = "<group>";
		};
		C7BFFF3B2BFEC78B00FEE015 /* Models */ = {
			isa = PBXGroup;
			children = (
				C7BFFF4C2BFECB4B00FEE015 /* User.swift */,
				C73670042C389F8B00661184 /* GeneralReceipt.swift */,
				C7DD0A9D2C45EBE900C9AC1E /* Receipt.swift */,
				C73670002C3617FF00661184 /* Model.swift */,
				C7BFFF4E2BFECB5300FEE015 /* UserActivity.swift */,
				C78BB70A2C0D3231007D66E0 /* ContentActivity.swift */,
				C7BFFF622C000A8F00FEE015 /* Encodable.swift */,
				C78BB70E2C13B412007D66E0 /* MetaActivity.swift */,
				C78BB7142C1B71D9007D66E0 /* MetaTrip.swift */,
				C78BB7222C22055B007D66E0 /* ManageUser.swift */,
				C78BB7312C2A0CC3007D66E0 /* Sale.swift */,
				C73670022C36194800661184 /* UserBill.swift */,
			);
			path = Models;
			sourceTree = "<group>";
		};
/* End PBXGroup section */

/* Begin PBXNativeTarget section */
		C7BFFF162BFEC25800FEE015 /* shapley */ = {
			isa = PBXNativeTarget;
			buildConfigurationList = C7BFFF252BFEC25A00FEE015 /* Build configuration list for PBXNativeTarget "shapley" */;
			buildPhases = (
				C7BFFF132BFEC25800FEE015 /* Sources */,
				C7BFFF142BFEC25800FEE015 /* Frameworks */,
				C7BFFF152BFEC25800FEE015 /* Resources */,
			);
			buildRules = (
			);
			dependencies = (
			);
			name = shapley;
			packageProductDependencies = (
				C7BFFF292BFEC40600FEE015 /* FirebaseAuth */,
				C7BFFF2B2BFEC40600FEE015 /* FirebaseFirestore */,
				C7BFFF2D2BFEC40600FEE015 /* FirebaseFirestoreSwift */,
			);
			productName = shapley;
			productReference = C7BFFF172BFEC25800FEE015 /* shapley.app */;
			productType = "com.apple.product-type.application";
		};
/* End PBXNativeTarget section */

/* Begin PBXProject section */
		C7BFFF0F2BFEC25800FEE015 /* Project object */ = {
			isa = PBXProject;
			attributes = {
				BuildIndependentTargetsInParallel = 1;
				LastSwiftUpdateCheck = 1540;
				LastUpgradeCheck = 1540;
				TargetAttributes = {
					C7BFFF162BFEC25800FEE015 = {
						CreatedOnToolsVersion = 15.4;
					};
				};
			};
			buildConfigurationList = C7BFFF122BFEC25800FEE015 /* Build configuration list for PBXProject "shapley" */;
			compatibilityVersion = "Xcode 14.0";
			developmentRegion = en;
			hasScannedForEncodings = 0;
			knownRegions = (
				en,
				Base,
			);
			mainGroup = C7BFFF0E2BFEC25800FEE015;
			packageReferences = (
				C7BFFF282BFEC40600FEE015 /* XCRemoteSwiftPackageReference "firebase-ios-sdk" */,
			);
			productRefGroup = C7BFFF182BFEC25800FEE015 /* Products */;
			projectDirPath = "";
			projectRoot = "";
			targets = (
				C7BFFF162BFEC25800FEE015 /* shapley */,
			);
		};
/* End PBXProject section */

/* Begin PBXResourcesBuildPhase section */
		C7BFFF152BFEC25800FEE015 /* Resources */ = {
			isa = PBXResourcesBuildPhase;
			buildActionMask = 2147483647;
			files = (
				C7BFFF222BFEC25A00FEE015 /* Preview Assets.xcassets in Resources */,
				C7BFFF1F2BFEC25A00FEE015 /* Assets.xcassets in Resources */,
				C7DC6B192C07BBD80020C788 /* Launch Screen.storyboard in Resources */,
				C7BFFF302BFEC4F300FEE015 /* GoogleService-Info.plist in Resources */,
			);
			runOnlyForDeploymentPostprocessing = 0;
		};
/* End PBXResourcesBuildPhase section */

/* Begin PBXSourcesBuildPhase section */
		C7BFFF132BFEC25800FEE015 /* Sources */ = {
			isa = PBXSourcesBuildPhase;
			buildActionMask = 2147483647;
			files = (
				C7DD0AA62C47952700C9AC1E /* SplitGasSetupView.swift in Sources */,
				C7DC6B052C03AF6F0020C788 /* BillView.swift in Sources */,
				C78BB7252C29E87E007D66E0 /* SelectSliderView.swift in Sources */,
				C78BB7272C29FA66007D66E0 /* SplitBillSetupView.swift in Sources */,
				C7BFFF4F2BFECB5300FEE015 /* UserActivity.swift in Sources */,
				C7DD0A9C2C43160E00C9AC1E /* ExpenseType.swift in Sources */,
				C78BB71D2C1E1C03007D66E0 /* ManageGroupViewModel.swift in Sources */,
				C78BB7302C2A064D007D66E0 /* SplitBillSetupModel.swift in Sources */,
				C7DC6B092C03B6D00020C788 /* GasModel.swift in Sources */,
				C78BB7342C2B282D007D66E0 /* SaleView.swift in Sources */,
				C7BFFF5F2BFEDC3800FEE015 /* HeaderView.swift in Sources */,
				C7DC6AFD2C02973E0020C788 /* SelectView.swift in Sources */,
				C7BFFF472BFECAB000FEE015 /* LoginView.swift in Sources */,
				C73670052C389F8B00661184 /* GeneralReceipt.swift in Sources */,
				C7DC6B112C06AD970020C788 /* ActivitiesViewModel.swift in Sources */,
				C7BFFF5B2BFECBAD00FEE015 /* RegisterViewModel.swift in Sources */,
				C78BB7382C2CB463007D66E0 /* SaleSummaryView.swift in Sources */,
				C78BB7192C1CD2F6007D66E0 /* NewExpenseView.swift in Sources */,
				C7BFFF3D2BFEC80400FEE015 /* MainView.swift in Sources */,
				C78BB72D2C29FCD1007D66E0 /* NewTripViewModel.swift in Sources */,
				C7BFFF4B2BFECB1000FEE015 /* ActivityView.swift in Sources */,
				C7DC6B0D2C03B6E00020C788 /* VendueModel.swift in Sources */,
				C7BFFF492BFECABE00FEE015 /* RegisterView.swift in Sources */,
				C78BB7232C22055B007D66E0 /* ManageUser.swift in Sources */,
				C7BFFF532BFECB8400FEE015 /* ProfileViewModel.swift in Sources */,
				C7DC6B0B2C03B6D90020C788 /* BillModel.swift in Sources */,
				C78BB7152C1B71D9007D66E0 /* MetaTrip.swift in Sources */,
				C7BFFF592BFECBA600FEE015 /* LoginViewModel.swift in Sources */,
				C7DD0A9A2C4312DA00C9AC1E /* ExpenseContentModel.swift in Sources */,
				C7BFFF4D2BFECB4B00FEE015 /* User.swift in Sources */,
				C73670012C3617FF00661184 /* Model.swift in Sources */,
				C7DC6B0F2C06AC0A0020C788 /* ActivitiesView.swift in Sources */,
				C78BB7042C0D1C55007D66E0 /* TripExpensesView .swift in Sources */,
				C78BB7072C0D2919007D66E0 /* ExpensesViewModel.swift in Sources */,
				C78BB71B2C1D4762007D66E0 /* ManageGroupView.swift in Sources */,
				C78BB7212C220152007D66E0 /* ManageUserViewModel.swift in Sources */,
				C7BFFF412BFECA7F00FEE015 /* ProfileView.swift in Sources */,
				C7DD0AAA2C49B18B00C9AC1E /* Clip.swift in Sources */,
				C78BB71F2C213DD9007D66E0 /* ManageUserView.swift in Sources */,
				C7DD0AAC2C4AF4D100C9AC1E /* DoubleSwipe.swift in Sources */,
				C78BB70F2C13B412007D66E0 /* MetaActivity.swift in Sources */,
				C7DC6B032C03AF680020C788 /* GasView.swift in Sources */,
				C78BB70B2C0D3231007D66E0 /* ContentActivity.swift in Sources */,
				C73670032C36194800661184 /* UserBill.swift in Sources */,
				C78BB7172C1CCE0B007D66E0 /* ExpenseView.swift in Sources */,
				C73670082C3DB6FD00661184 /* TextUtil.swift in Sources */,
				C78BB7322C2A0CC3007D66E0 /* Sale.swift in Sources */,
				C7BFFF612BFFA39000FEE015 /* ButtonView.swift in Sources */,
				C7DD0A9E2C45EBE900C9AC1E /* Receipt.swift in Sources */,
				C7343F212C3F15D800D81939 /* SliderActivityView.swift in Sources */,
				C7BFFF1B2BFEC25800FEE015 /* shapleyApp.swift in Sources */,
				C7DC6B152C06B0330020C788 /* NewActivityViewModel.swift in Sources */,
				C7DD0AA82C47956200C9AC1E /* ItemBillView.swift in Sources */,
				C7DC6B072C03AF7D0020C788 /* VendueView.swift in Sources */,
				C7343F232C40741500D81939 /* ExpenseViewModel.swift in Sources */,
				C78BB72B2C29FA90007D66E0 /* VendueSetupView.swift in Sources */,
				C78BB7112C178DAB007D66E0 /* ActivityViewModel.swift in Sources */,
				C78BB7362C2C8E94007D66E0 /* SwipeActionView.swift in Sources */,
				C7BFFF512BFECB6C00FEE015 /* MainViewModel.swift in Sources */,
				C7DC6B132C06AE190020C788 /* NewActivityView.swift in Sources */,
				C7BFFF632C000A8F00FEE015 /* Encodable.swift in Sources */,
			);
			runOnlyForDeploymentPostprocessing = 0;
		};
/* End PBXSourcesBuildPhase section */

/* Begin XCBuildConfiguration section */
		C7BFFF232BFEC25A00FEE015 /* Debug */ = {
			isa = XCBuildConfiguration;
			buildSettings = {
				ALWAYS_SEARCH_USER_PATHS = NO;
				ASSETCATALOG_COMPILER_GENERATE_SWIFT_ASSET_SYMBOL_EXTENSIONS = YES;
				CLANG_ANALYZER_NONNULL = YES;
				CLANG_ANALYZER_NUMBER_OBJECT_CONVERSION = YES_AGGRESSIVE;
				CLANG_CXX_LANGUAGE_STANDARD = "gnu++20";
				CLANG_ENABLE_MODULES = YES;
				CLANG_ENABLE_OBJC_ARC = YES;
				CLANG_ENABLE_OBJC_WEAK = YES;
				CLANG_WARN_BLOCK_CAPTURE_AUTORELEASING = YES;
				CLANG_WARN_BOOL_CONVERSION = YES;
				CLANG_WARN_COMMA = YES;
				CLANG_WARN_CONSTANT_CONVERSION = YES;
				CLANG_WARN_DEPRECATED_OBJC_IMPLEMENTATIONS = YES;
				CLANG_WARN_DIRECT_OBJC_ISA_USAGE = YES_ERROR;
				CLANG_WARN_DOCUMENTATION_COMMENTS = YES;
				CLANG_WARN_EMPTY_BODY = YES;
				CLANG_WARN_ENUM_CONVERSION = YES;
				CLANG_WARN_INFINITE_RECURSION = YES;
				CLANG_WARN_INT_CONVERSION = YES;
				CLANG_WARN_NON_LITERAL_NULL_CONVERSION = YES;
				CLANG_WARN_OBJC_IMPLICIT_RETAIN_SELF = YES;
				CLANG_WARN_OBJC_LITERAL_CONVERSION = YES;
				CLANG_WARN_OBJC_ROOT_CLASS = YES_ERROR;
				CLANG_WARN_QUOTED_INCLUDE_IN_FRAMEWORK_HEADER = YES;
				CLANG_WARN_RANGE_LOOP_ANALYSIS = YES;
				CLANG_WARN_STRICT_PROTOTYPES = YES;
				CLANG_WARN_SUSPICIOUS_MOVE = YES;
				CLANG_WARN_UNGUARDED_AVAILABILITY = YES_AGGRESSIVE;
				CLANG_WARN_UNREACHABLE_CODE = YES;
				CLANG_WARN__DUPLICATE_METHOD_MATCH = YES;
				COPY_PHASE_STRIP = NO;
				DEBUG_INFORMATION_FORMAT = dwarf;
				ENABLE_STRICT_OBJC_MSGSEND = YES;
				ENABLE_TESTABILITY = YES;
				ENABLE_USER_SCRIPT_SANDBOXING = YES;
				GCC_C_LANGUAGE_STANDARD = gnu17;
				GCC_DYNAMIC_NO_PIC = NO;
				GCC_NO_COMMON_BLOCKS = YES;
				GCC_OPTIMIZATION_LEVEL = 0;
				GCC_PREPROCESSOR_DEFINITIONS = (
					"DEBUG=1",
					"$(inherited)",
				);
				GCC_WARN_64_TO_32_BIT_CONVERSION = YES;
				GCC_WARN_ABOUT_RETURN_TYPE = YES_ERROR;
				GCC_WARN_UNDECLARED_SELECTOR = YES;
				GCC_WARN_UNINITIALIZED_AUTOS = YES_AGGRESSIVE;
				GCC_WARN_UNUSED_FUNCTION = YES;
				GCC_WARN_UNUSED_VARIABLE = YES;
				IPHONEOS_DEPLOYMENT_TARGET = 17.5;
				LOCALIZATION_PREFERS_STRING_CATALOGS = YES;
				MTL_ENABLE_DEBUG_INFO = INCLUDE_SOURCE;
				MTL_FAST_MATH = YES;
				ONLY_ACTIVE_ARCH = YES;
				SDKROOT = iphoneos;
				SWIFT_ACTIVE_COMPILATION_CONDITIONS = "DEBUG $(inherited)";
				SWIFT_OPTIMIZATION_LEVEL = "-Onone";
			};
			name = Debug;
		};
		C7BFFF242BFEC25A00FEE015 /* Release */ = {
			isa = XCBuildConfiguration;
			buildSettings = {
				ALWAYS_SEARCH_USER_PATHS = NO;
				ASSETCATALOG_COMPILER_GENERATE_SWIFT_ASSET_SYMBOL_EXTENSIONS = YES;
				CLANG_ANALYZER_NONNULL = YES;
				CLANG_ANALYZER_NUMBER_OBJECT_CONVERSION = YES_AGGRESSIVE;
				CLANG_CXX_LANGUAGE_STANDARD = "gnu++20";
				CLANG_ENABLE_MODULES = YES;
				CLANG_ENABLE_OBJC_ARC = YES;
				CLANG_ENABLE_OBJC_WEAK = YES;
				CLANG_WARN_BLOCK_CAPTURE_AUTORELEASING = YES;
				CLANG_WARN_BOOL_CONVERSION = YES;
				CLANG_WARN_COMMA = YES;
				CLANG_WARN_CONSTANT_CONVERSION = YES;
				CLANG_WARN_DEPRECATED_OBJC_IMPLEMENTATIONS = YES;
				CLANG_WARN_DIRECT_OBJC_ISA_USAGE = YES_ERROR;
				CLANG_WARN_DOCUMENTATION_COMMENTS = YES;
				CLANG_WARN_EMPTY_BODY = YES;
				CLANG_WARN_ENUM_CONVERSION = YES;
				CLANG_WARN_INFINITE_RECURSION = YES;
				CLANG_WARN_INT_CONVERSION = YES;
				CLANG_WARN_NON_LITERAL_NULL_CONVERSION = YES;
				CLANG_WARN_OBJC_IMPLICIT_RETAIN_SELF = YES;
				CLANG_WARN_OBJC_LITERAL_CONVERSION = YES;
				CLANG_WARN_OBJC_ROOT_CLASS = YES_ERROR;
				CLANG_WARN_QUOTED_INCLUDE_IN_FRAMEWORK_HEADER = YES;
				CLANG_WARN_RANGE_LOOP_ANALYSIS = YES;
				CLANG_WARN_STRICT_PROTOTYPES = YES;
				CLANG_WARN_SUSPICIOUS_MOVE = YES;
				CLANG_WARN_UNGUARDED_AVAILABILITY = YES_AGGRESSIVE;
				CLANG_WARN_UNREACHABLE_CODE = YES;
				CLANG_WARN__DUPLICATE_METHOD_MATCH = YES;
				COPY_PHASE_STRIP = NO;
				DEBUG_INFORMATION_FORMAT = "dwarf-with-dsym";
				ENABLE_NS_ASSERTIONS = NO;
				ENABLE_STRICT_OBJC_MSGSEND = YES;
				ENABLE_USER_SCRIPT_SANDBOXING = YES;
				GCC_C_LANGUAGE_STANDARD = gnu17;
				GCC_NO_COMMON_BLOCKS = YES;
				GCC_WARN_64_TO_32_BIT_CONVERSION = YES;
				GCC_WARN_ABOUT_RETURN_TYPE = YES_ERROR;
				GCC_WARN_UNDECLARED_SELECTOR = YES;
				GCC_WARN_UNINITIALIZED_AUTOS = YES_AGGRESSIVE;
				GCC_WARN_UNUSED_FUNCTION = YES;
				GCC_WARN_UNUSED_VARIABLE = YES;
				IPHONEOS_DEPLOYMENT_TARGET = 17.5;
				LOCALIZATION_PREFERS_STRING_CATALOGS = YES;
				MTL_ENABLE_DEBUG_INFO = NO;
				MTL_FAST_MATH = YES;
				SDKROOT = iphoneos;
				SWIFT_COMPILATION_MODE = wholemodule;
				VALIDATE_PRODUCT = YES;
			};
			name = Release;
		};
		C7BFFF262BFEC25A00FEE015 /* Debug */ = {
			isa = XCBuildConfiguration;
			buildSettings = {
				ASSETCATALOG_COMPILER_APPICON_NAME = AppIcon;
				ASSETCATALOG_COMPILER_GLOBAL_ACCENT_COLOR_NAME = AccentColor;
				CODE_SIGN_STYLE = Automatic;
				CURRENT_PROJECT_VERSION = 1;
				DEVELOPMENT_ASSET_PATHS = "\"shapley/Preview Content\"";
				ENABLE_PREVIEWS = YES;
				GENERATE_INFOPLIST_FILE = YES;
				INFOPLIST_KEY_CFBundleDisplayName = Shapley;
				INFOPLIST_KEY_UIApplicationSceneManifest_Generation = YES;
				INFOPLIST_KEY_UIApplicationSupportsIndirectInputEvents = YES;
				INFOPLIST_KEY_UILaunchScreen_Generation = YES;
				INFOPLIST_KEY_UILaunchStoryboardName = "Launch Screen.storyboard";
				INFOPLIST_KEY_UISupportedInterfaceOrientations = UIInterfaceOrientationPortrait;
				LD_RUNPATH_SEARCH_PATHS = (
					"$(inherited)",
					"@executable_path/Frameworks",
				);
				MARKETING_VERSION = 1.0;
				PRODUCT_BUNDLE_IDENTIFIER = com.mycolecam.shapley;
				PRODUCT_NAME = "$(TARGET_NAME)";
				SWIFT_EMIT_LOC_STRINGS = YES;
				SWIFT_VERSION = 5.0;
				TARGETED_DEVICE_FAMILY = "1,2";
			};
			name = Debug;
		};
		C7BFFF272BFEC25A00FEE015 /* Release */ = {
			isa = XCBuildConfiguration;
			buildSettings = {
				ASSETCATALOG_COMPILER_APPICON_NAME = AppIcon;
				ASSETCATALOG_COMPILER_GLOBAL_ACCENT_COLOR_NAME = AccentColor;
				CODE_SIGN_STYLE = Automatic;
				CURRENT_PROJECT_VERSION = 1;
				DEVELOPMENT_ASSET_PATHS = "\"shapley/Preview Content\"";
				ENABLE_PREVIEWS = YES;
				GENERATE_INFOPLIST_FILE = YES;
				INFOPLIST_KEY_CFBundleDisplayName = Shapley;
				INFOPLIST_KEY_UIApplicationSceneManifest_Generation = YES;
				INFOPLIST_KEY_UIApplicationSupportsIndirectInputEvents = YES;
				INFOPLIST_KEY_UILaunchScreen_Generation = YES;
				INFOPLIST_KEY_UILaunchStoryboardName = "Launch Screen.storyboard";
				INFOPLIST_KEY_UISupportedInterfaceOrientations = UIInterfaceOrientationPortrait;
				LD_RUNPATH_SEARCH_PATHS = (
					"$(inherited)",
					"@executable_path/Frameworks",
				);
				MARKETING_VERSION = 1.0;
				PRODUCT_BUNDLE_IDENTIFIER = com.mycolecam.shapley;
				PRODUCT_NAME = "$(TARGET_NAME)";
				SWIFT_EMIT_LOC_STRINGS = YES;
				SWIFT_VERSION = 5.0;
				TARGETED_DEVICE_FAMILY = "1,2";
			};
			name = Release;
		};
/* End XCBuildConfiguration section */

/* Begin XCConfigurationList section */
		C7BFFF122BFEC25800FEE015 /* Build configuration list for PBXProject "shapley" */ = {
			isa = XCConfigurationList;
			buildConfigurations = (
				C7BFFF232BFEC25A00FEE015 /* Debug */,
				C7BFFF242BFEC25A00FEE015 /* Release */,
			);
			defaultConfigurationIsVisible = 0;
			defaultConfigurationName = Release;
		};
		C7BFFF252BFEC25A00FEE015 /* Build configuration list for PBXNativeTarget "shapley" */ = {
			isa = XCConfigurationList;
			buildConfigurations = (
				C7BFFF262BFEC25A00FEE015 /* Debug */,
				C7BFFF272BFEC25A00FEE015 /* Release */,
			);
			defaultConfigurationIsVisible = 0;
			defaultConfigurationName = Release;
		};
/* End XCConfigurationList section */

/* Begin XCRemoteSwiftPackageReference section */
		C7BFFF282BFEC40600FEE015 /* XCRemoteSwiftPackageReference "firebase-ios-sdk" */ = {
			isa = XCRemoteSwiftPackageReference;
			repositoryURL = "https://github.com/firebase/firebase-ios-sdk.git";
			requirement = {
				kind = upToNextMajorVersion;
				minimumVersion = 10.26.0;
			};
		};
/* End XCRemoteSwiftPackageReference section */

/* Begin XCSwiftPackageProductDependency section */
		C7BFFF292BFEC40600FEE015 /* FirebaseAuth */ = {
			isa = XCSwiftPackageProductDependency;
			package = C7BFFF282BFEC40600FEE015 /* XCRemoteSwiftPackageReference "firebase-ios-sdk" */;
			productName = FirebaseAuth;
		};
		C7BFFF2B2BFEC40600FEE015 /* FirebaseFirestore */ = {
			isa = XCSwiftPackageProductDependency;
			package = C7BFFF282BFEC40600FEE015 /* XCRemoteSwiftPackageReference "firebase-ios-sdk" */;
			productName = FirebaseFirestore;
		};
		C7BFFF2D2BFEC40600FEE015 /* FirebaseFirestoreSwift */ = {
			isa = XCSwiftPackageProductDependency;
			package = C7BFFF282BFEC40600FEE015 /* XCRemoteSwiftPackageReference "firebase-ios-sdk" */;
			productName = FirebaseFirestoreSwift;
		};
/* End XCSwiftPackageProductDependency section */
	};
	rootObject = C7BFFF0F2BFEC25800FEE015 /* Project object */;
}
